<?xml version="1.0" encoding="utf-8"?>
<Project ToolsVersion="4.0" xmlns="http://schemas.microsoft.com/developer/msbuild/2003">
  <ItemGroup>
    <Filter Include="Resource Files">
      <UniqueIdentifier>{67DA6AB6-F800-4c08-8B7A-83BB121AAD01}</UniqueIdentifier>
      <Extensions>rc;ico;cur;bmp;dlg;rc2;rct;bin;rgs;gif;jpg;jpeg;jpe;resx;tiff;tif;png;wav;mfcribbon-ms</Extensions>
    </Filter>
    <Filter Include="crazygaze">
      <UniqueIdentifier>{a6b09182-fd3a-40c1-82bc-e30c7d145f3a}</UniqueIdentifier>
    </Filter>
    <Filter Include="crazygaze\muc">
      <UniqueIdentifier>{b5484b2f-fec1-4be6-a052-89e59fc11945}</UniqueIdentifier>
    </Filter>
    <Filter Include="crazygaze\muc\detail">
      <UniqueIdentifier>{132b1c3c-4c65-4add-a3f5-05c7662e2dd5}</UniqueIdentifier>
    </Filter>
    <Filter Include="crazygaze\muc\detail\utfcpp">
      <UniqueIdentifier>{85d55c9f-49f3-49b1-822c-6642278c0394}</UniqueIdentifier>
    </Filter>
    <Filter Include="crazygaze\muc\detail\utfcpp\utf8">
      <UniqueIdentifier>{88ee5442-86ac-478c-a24f-090eedecd349}</UniqueIdentifier>
    </Filter>
    <Filter Include="crazygaze\muc\net">
      <UniqueIdentifier>{7b94ada1-7df4-40c1-961f-2e46a6389fd2}</UniqueIdentifier>
    </Filter>
  </ItemGroup>
  <ItemGroup>
    <ClInclude Include="..\source\crazygaze\muc\Logging.h">
      <Filter>crazygaze\muc</Filter>
    </ClInclude>
    <ClInclude Include="..\source\crazygaze\muc\Parameters.h">
      <Filter>crazygaze\muc</Filter>
    </ClInclude>
    <ClInclude Include="..\source\crazygaze\muc\Random.h">
      <Filter>crazygaze\muc</Filter>
    </ClInclude>
    <ClInclude Include="..\source\crazygaze\muc\RingBuffer.h">
      <Filter>crazygaze\muc</Filter>
    </ClInclude>
    <ClInclude Include="..\source\crazygaze\muc\ScopeGuard.h">
      <Filter>crazygaze\muc</Filter>
    </ClInclude>
    <ClInclude Include="..\source\crazygaze\muc\Semaphore.h">
      <Filter>crazygaze\muc</Filter>
    </ClInclude>
    <ClInclude Include="..\source\crazygaze\muc\SharedFlag.h">
      <Filter>crazygaze\muc</Filter>
    </ClInclude>
    <ClInclude Include="..\source\crazygaze\muc\SharedQueue.h">
      <Filter>crazygaze\muc</Filter>
    </ClInclude>
    <ClInclude Include="..\source\crazygaze\muc\Singleton.h">
      <Filter>crazygaze\muc</Filter>
    </ClInclude>
    <ClInclude Include="..\source\crazygaze\muc\StringUtils.h">
      <Filter>crazygaze\muc</Filter>
    </ClInclude>
    <ClInclude Include="..\source\crazygaze\muc\targetver.h">
      <Filter>crazygaze\muc</Filter>
    </ClInclude>
    <ClInclude Include="..\source\crazygaze\muc\ThreadingUtils.h">
      <Filter>crazygaze\muc</Filter>
    </ClInclude>
    <ClInclude Include="..\source\crazygaze\muc\Ticker.h">
      <Filter>crazygaze\muc</Filter>
    </ClInclude>
    <ClInclude Include="..\source\crazygaze\muc\Timer.h">
      <Filter>crazygaze\muc</Filter>
    </ClInclude>
    <ClInclude Include="..\source\crazygaze\muc\TimerQueue.h">
      <Filter>crazygaze\muc</Filter>
    </ClInclude>
    <ClInclude Include="..\source\crazygaze\muc\TypeTraits.h">
      <Filter>crazygaze\muc</Filter>
    </ClInclude>
    <ClInclude Include="..\source\crazygaze\muc\UTF8String.h">
      <Filter>crazygaze\muc</Filter>
    </ClInclude>
    <ClInclude Include="..\source\crazygaze\muc\WindowsConsole.h">
      <Filter>crazygaze\muc</Filter>
    </ClInclude>
    <ClInclude Include="..\source\crazygaze\muc\Algorithm.h">
      <Filter>crazygaze\muc</Filter>
    </ClInclude>
    <ClInclude Include="..\source\crazygaze\muc\Any.h">
      <Filter>crazygaze\muc</Filter>
    </ClInclude>
    <ClInclude Include="..\source\crazygaze\muc\AsyncCommandQueue.h">
      <Filter>crazygaze\muc</Filter>
    </ClInclude>
    <ClInclude Include="..\source\crazygaze\muc\Buffer.h">
      <Filter>crazygaze\muc</Filter>
    </ClInclude>
    <ClInclude Include="..\source\crazygaze\muc\Callstack.h">
      <Filter>crazygaze\muc</Filter>
    </ClInclude>
    <ClInclude Include="..\source\crazygaze\muc\ChunkBuffer.h">
      <Filter>crazygaze\muc</Filter>
    </ClInclude>
    <ClInclude Include="..\source\crazygaze\muc\Concurrent.h">
      <Filter>crazygaze\muc</Filter>
    </ClInclude>
    <ClInclude Include="..\source\crazygaze\muc\config.h">
      <Filter>crazygaze\muc</Filter>
    </ClInclude>
    <ClInclude Include="..\source\crazygaze\muc\Expected.h">
      <Filter>crazygaze\muc</Filter>
    </ClInclude>
    <ClInclude Include="..\source\crazygaze\muc\File.h">
      <Filter>crazygaze\muc</Filter>
    </ClInclude>
    <ClInclude Include="..\source\crazygaze\muc\Filename.h">
      <Filter>crazygaze\muc</Filter>
    </ClInclude>
    <ClInclude Include="..\source\crazygaze\muc\Filesystem.h">
      <Filter>crazygaze\muc</Filter>
    </ClInclude>
    <ClInclude Include="..\source\crazygaze\muc\Filetime.h">
      <Filter>crazygaze\muc</Filter>
    </ClInclude>
    <ClInclude Include="..\source\crazygaze\muc\FNVHash.h">
      <Filter>crazygaze\muc</Filter>
    </ClInclude>
    <ClInclude Include="..\source\crazygaze\muc\Future.h">
      <Filter>crazygaze\muc</Filter>
    </ClInclude>
    <ClInclude Include="..\source\crazygaze\muc\Guid.h">
      <Filter>crazygaze\muc</Filter>
    </ClInclude>
    <ClInclude Include="..\source\crazygaze\muc\IniFile.h">
      <Filter>crazygaze\muc</Filter>
    </ClInclude>
    <ClInclude Include="..\source\crazygaze\muc\Json.h">
      <Filter>crazygaze\muc</Filter>
    </ClInclude>
    <ClInclude Include="..\source\crazygaze\muc\detail\utfcpp\source\utf8\core.h">
      <Filter>crazygaze\muc\detail\utfcpp\utf8</Filter>
    </ClInclude>
    <ClInclude Include="..\source\crazygaze\muc\detail\utfcpp\source\utf8\unchecked.h">
      <Filter>crazygaze\muc\detail\utfcpp\utf8</Filter>
    </ClInclude>
    <ClInclude Include="..\source\crazygaze\muc\detail\utfcpp\source\utf8\checked.h">
      <Filter>crazygaze\muc\detail\utfcpp\utf8</Filter>
    </ClInclude>
    <ClInclude Include="..\source\crazygaze\muc\detail\utfcpp\source\utf8.h">
      <Filter>crazygaze\muc\detail\utfcpp</Filter>
    </ClInclude>
    <ClInclude Include="..\source\crazygaze\muc\czmuc.h">
      <Filter>crazygaze\muc</Filter>
    </ClInclude>
    <ClInclude Include="..\source\crazygaze\muc\czmucPCH.h">
      <Filter>crazygaze\muc</Filter>
    </ClInclude>
    <ClInclude Include="..\source\czmucPCH.h" />
  </ItemGroup>
  <ItemGroup>
    <ClCompile Include="..\source\crazygaze\muc\Parameters.cpp">
      <Filter>crazygaze\muc</Filter>
    </ClCompile>
    <ClCompile Include="..\source\crazygaze\muc\Random.cpp">
      <Filter>crazygaze\muc</Filter>
    </ClCompile>
    <ClCompile Include="..\source\crazygaze\muc\RingBuffer.cpp">
      <Filter>crazygaze\muc</Filter>
    </ClCompile>
    <ClCompile Include="..\source\crazygaze\muc\Semaphore.cpp">
      <Filter>crazygaze\muc</Filter>
    </ClCompile>
    <ClCompile Include="..\source\crazygaze\muc\SharedFlag.cpp">
      <Filter>crazygaze\muc</Filter>
    </ClCompile>
    <ClCompile Include="..\source\crazygaze\muc\Singleton.cpp">
      <Filter>crazygaze\muc</Filter>
    </ClCompile>
    <ClCompile Include="..\source\crazygaze\muc\StringUtils.cpp">
      <Filter>crazygaze\muc</Filter>
    </ClCompile>
    <ClCompile Include="..\source\crazygaze\muc\Timer.cpp">
      <Filter>crazygaze\muc</Filter>
    </ClCompile>
    <ClCompile Include="..\source\crazygaze\muc\TimerQueue.cpp">
      <Filter>crazygaze\muc</Filter>
    </ClCompile>
    <ClCompile Include="..\source\crazygaze\muc\UTF8String.cpp">
      <Filter>crazygaze\muc</Filter>
    </ClCompile>
    <ClCompile Include="..\source\crazygaze\muc\WindowsConsole.cpp">
      <Filter>crazygaze\muc</Filter>
    </ClCompile>
    <ClCompile Include="..\source\crazygaze\muc\Any.cpp">
      <Filter>crazygaze\muc</Filter>
    </ClCompile>
    <ClCompile Include="..\source\crazygaze\muc\AsyncCommandQueue.cpp">
      <Filter>crazygaze\muc</Filter>
    </ClCompile>
    <ClCompile Include="..\source\crazygaze\muc\Buffer.cpp">
      <Filter>crazygaze\muc</Filter>
    </ClCompile>
    <ClCompile Include="..\source\crazygaze\muc\ChunkBuffer.cpp">
      <Filter>crazygaze\muc</Filter>
    </ClCompile>
    <ClCompile Include="..\source\crazygaze\muc\File.cpp">
      <Filter>crazygaze\muc</Filter>
    </ClCompile>
    <ClCompile Include="..\source\crazygaze\muc\Filename.cpp">
      <Filter>crazygaze\muc</Filter>
    </ClCompile>
    <ClCompile Include="..\source\crazygaze\muc\Filesystem.cpp">
      <Filter>crazygaze\muc</Filter>
    </ClCompile>
    <ClCompile Include="..\source\crazygaze\muc\Filetime.cpp">
      <Filter>crazygaze\muc</Filter>
    </ClCompile>
    <ClCompile Include="..\source\crazygaze\muc\Guid.cpp">
      <Filter>crazygaze\muc</Filter>
    </ClCompile>
    <ClCompile Include="..\source\crazygaze\muc\IniFile.cpp">
      <Filter>crazygaze\muc</Filter>
    </ClCompile>
    <ClCompile Include="..\source\crazygaze\muc\Json.cpp">
      <Filter>crazygaze\muc</Filter>
    </ClCompile>
    <ClCompile Include="..\source\crazygaze\muc\Logging.cpp">
      <Filter>crazygaze\muc</Filter>
    </ClCompile>
    <ClCompile Include="..\source\crazygaze\muc\czmuc.cpp">
      <Filter>crazygaze\muc</Filter>
    </ClCompile>
    <ClCompile Include="..\source\crazygaze\muc\czmucPCH.cpp">
      <Filter>crazygaze\muc</Filter>
    </ClCompile>
  </ItemGroup>
  <ItemGroup>
    <Text Include="TODO.txt" />
  </ItemGroup>
</Project>